
Microsoft Visual Studio Solution File, Format Version 12.00
# Visual Studio Version 17
VisualStudioVersion = 17.14.37516.0 d17.14
MinimumVisualStudioVersion = 10.0.40219.1
Project("{FAE04EC0-301F-11D3-BF4B-00C04F79EFBC}") = "VehicleRentalManagementPortal", "VehicleRentalManagementPortal.csproj", "{628A5000-5832-4C13-A90D-A229744F443A}"
EndProject
Global
	GlobalSection(SolutionConfigurationPlatforms) = preSolution
		Debug|Any CPU = Debug|Any CPU
		Release|Any CPU = Release|Any CPU
	EndGlobalSection
	GlobalSection(ProjectConfigurationPlatforms) = postSolution
		{628A5000-5832-4C13-A90D-A229744F443A}.Debug|Any CPU.ActiveCfg = Debug|Any CPU
		{628A5000-5832-4C13-A90D-A229744F443A}.Debug|Any CPU.Build.0 = Debug|Any CPU
		{628A5000-5832-4C13-A90D-A229744F443A}.Release|Any CPU.ActiveCfg = Release|Any CPU
		{628A5000-5832-4C13-A90D-A229744F443A}.Release|Any CPU.Build.0 = Release|Any CPU
	EndGlobalSection
	GlobalSection(SolutionProperties) = preSolution
		HideSolutionNode = FALSE
	EndGlobalSection
	GlobalSection(ExtensibilityGlobals) = postSolution
		SolutionGuid = {B371B547-CB92-4834-B1CB-9A766389AABA}
	EndGlobalSection
EndGlobal
